
Microsoft Visual Studio Solution File, Format Version 12.00
# Visual Studio Version 17
VisualStudioVersion = 17.0.31903.59
MinimumVisualStudioVersion = 10.0.40219.1
Project("{FAE04EC0-301F-11D3-BF4B-00C04F79EFBC}") = "WriteSideApp.Core", "WriteSideApp.Core\WriteSideApp.Core.csproj", "{B44A5635-52ED-4182-AF11-63EE1A8C7D00}"
EndProject
Project("{FAE04EC0-301F-11D3-BF4B-00C04F79EFBC}") = "WriteSideApp.Service", "WriteSideApp.Service\WriteSideApp.Service.csproj", "{01ABE1EC-10C6-4190-91BD-C92EDBCAA821}"
EndProject
Global
	GlobalSection(SolutionConfigurationPlatforms) = preSolution
		Debug|Any CPU = Debug|Any CPU
		Release|Any CPU = Release|Any CPU
	EndGlobalSection
	GlobalSection(SolutionProperties) = preSolution
		HideSolutionNode = FALSE
	EndGlobalSection
	GlobalSection(ProjectConfigurationPlatforms) = postSolution
		{B44A5635-52ED-4182-AF11-63EE1A8C7D00}.Debug|Any CPU.ActiveCfg = Debug|Any CPU
		{B44A5635-52ED-4182-AF11-63EE1A8C7D00}.Debug|Any CPU.Build.0 = Debug|Any CPU
		{B44A5635-52ED-4182-AF11-63EE1A8C7D00}.Release|Any CPU.ActiveCfg = Release|Any CPU
		{B44A5635-52ED-4182-AF11-63EE1A8C7D00}.Release|Any CPU.Build.0 = Release|Any CPU
		{01ABE1EC-10C6-4190-91BD-C92EDBCAA821}.Debug|Any CPU.ActiveCfg = Debug|Any CPU
		{01ABE1EC-10C6-4190-91BD-C92EDBCAA821}.Debug|Any CPU.Build.0 = Debug|Any CPU
		{01ABE1EC-10C6-4190-91BD-C92EDBCAA821}.Release|Any CPU.ActiveCfg = Release|Any CPU
		{01ABE1EC-10C6-4190-91BD-C92EDBCAA821}.Release|Any CPU.Build.0 = Release|Any CPU
	EndGlobalSection
EndGlobal
